
Microsoft Visual Studio Solution File, Format Version 12.00
# Visual Studio 2012
Project("{FAE04EC0-301F-11D3-BF4B-00C04F79EFBC}") = "OnenoteMarkdownConverter", "OnenoteMarkdownConverter\OnenoteMarkdownConverter.csproj", "{09F09CBC-19CE-4B88-A645-379F4CDC3174}"
EndProject
Project("{FAE04EC0-301F-11D3-BF4B-00C04F79EFBC}") = "HtmlObfuscator", "HtmlObfuscator\HtmlObfuscator.csproj", "{81003589-56FB-403A-BB54-584BEB6D7032}"
EndProject
Global
	GlobalSection(SolutionConfigurationPlatforms) = preSolution
		Debug|Any CPU = Debug|Any CPU
		Release|Any CPU = Release|Any CPU
	EndGlobalSection
	GlobalSection(ProjectConfigurationPlatforms) = postSolution
		{09F09CBC-19CE-4B88-A645-379F4CDC3174}.Debug|Any CPU.ActiveCfg = Debug|Any CPU
		{09F09CBC-19CE-4B88-A645-379F4CDC3174}.Debug|Any CPU.Build.0 = Debug|Any CPU
		{09F09CBC-19CE-4B88-A645-379F4CDC3174}.Release|Any CPU.ActiveCfg = Release|Any CPU
		{09F09CBC-19CE-4B88-A645-379F4CDC3174}.Release|Any CPU.Build.0 = Release|Any CPU
		{81003589-56FB-403A-BB54-584BEB6D7032}.Debug|Any CPU.ActiveCfg = Debug|Any CPU
		{81003589-56FB-403A-BB54-584BEB6D7032}.Debug|Any CPU.Build.0 = Debug|Any CPU
		{81003589-56FB-403A-BB54-584BEB6D7032}.Release|Any CPU.ActiveCfg = Release|Any CPU
		{81003589-56FB-403A-BB54-584BEB6D7032}.Release|Any CPU.Build.0 = Release|Any CPU
	EndGlobalSection
	GlobalSection(SolutionProperties) = preSolution
		HideSolutionNode = FALSE
	EndGlobalSection
EndGlobal
