
Microsoft Visual Studio Solution File, Format Version 12.00
# Visual Studio 2013
VisualStudioVersion = 12.0.30501.0
MinimumVisualStudioVersion = 10.0.40219.1
Project("{FAE04EC0-301F-11D3-BF4B-00C04F79EFBC}") = "OnenoteMarkdownConverter", "OnenoteMarkdownConverter\OnenoteMarkdownConverter.csproj", "{09F09CBC-19CE-4B88-A645-379F4CDC3174}"
EndProject
Project("{FAE04EC0-301F-11D3-BF4B-00C04F79EFBC}") = "HtmlObfuscator", "HtmlObfuscator\HtmlObfuscator.csproj", "{81003589-56FB-403A-BB54-584BEB6D7032}"
EndProject
Project("{2150E333-8FDC-42A3-9474-1A3956D46DE8}") = ".nuget", ".nuget", "{76047B75-2607-4388-B06E-6EB5FAE84B3A}"
	ProjectSection(SolutionItems) = preProject
		.nuget\NuGet.Config = .nuget\NuGet.Config
		.nuget\NuGet.exe = .nuget\NuGet.exe
		.nuget\NuGet.targets = .nuget\NuGet.targets
	EndProjectSection
EndProject
Global
	GlobalSection(SolutionConfigurationPlatforms) = preSolution
		Debug|Any CPU = Debug|Any CPU
		Release|Any CPU = Release|Any CPU
	EndGlobalSection
	GlobalSection(ProjectConfigurationPlatforms) = postSolution
		{09F09CBC-19CE-4B88-A645-379F4CDC3174}.Debug|Any CPU.ActiveCfg = Debug|Any CPU
		{09F09CBC-19CE-4B88-A645-379F4CDC3174}.Debug|Any CPU.Build.0 = Debug|Any CPU
		{09F09CBC-19CE-4B88-A645-379F4CDC3174}.Release|Any CPU.ActiveCfg = Release|Any CPU
		{09F09CBC-19CE-4B88-A645-379F4CDC3174}.Release|Any CPU.Build.0 = Release|Any CPU
		{81003589-56FB-403A-BB54-584BEB6D7032}.Debug|Any CPU.ActiveCfg = Debug|Any CPU
		{81003589-56FB-403A-BB54-584BEB6D7032}.Debug|Any CPU.Build.0 = Debug|Any CPU
		{81003589-56FB-403A-BB54-584BEB6D7032}.Release|Any CPU.ActiveCfg = Release|Any CPU
		{81003589-56FB-403A-BB54-584BEB6D7032}.Release|Any CPU.Build.0 = Release|Any CPU
	EndGlobalSection
	GlobalSection(SolutionProperties) = preSolution
		HideSolutionNode = FALSE
	EndGlobalSection
EndGlobal
